
Microsoft Visual Studio Solution File, Format Version 12.00
# Visual Studio Version 16
VisualStudioVersion = 16.0.31229.75
MinimumVisualStudioVersion = 10.0.40219.1
Project("{2150E333-8FDC-42A3-9474-1A3956D46DE8}") = "src", "src", "{1A616E7F-3BDD-40DF-8E16-50425BFB18A8}"
EndProject
Project("{9A19103F-16F7-4668-BE54-9A1E7A4F7556}") = "Shapes.Api", "Shapes.Api\Shapes.Api.csproj", "{7FF711BC-62AF-4439-86A3-8212D8EFD920}"
EndProject
Project("{9A19103F-16F7-4668-BE54-9A1E7A4F7556}") = "Shapes.Test", "Shapes.Test\Shapes.Test.csproj", "{F7EE0164-512F-4E50-B589-CF0558D3005F}"
EndProject
Global
	GlobalSection(SolutionConfigurationPlatforms) = preSolution
		Debug|Any CPU = Debug|Any CPU
		Release|Any CPU = Release|Any CPU
	EndGlobalSection
	GlobalSection(ProjectConfigurationPlatforms) = postSolution
		{7FF711BC-62AF-4439-86A3-8212D8EFD920}.Debug|Any CPU.ActiveCfg = Debug|Any CPU
		{7FF711BC-62AF-4439-86A3-8212D8EFD920}.Debug|Any CPU.Build.0 = Debug|Any CPU
		{7FF711BC-62AF-4439-86A3-8212D8EFD920}.Release|Any CPU.ActiveCfg = Release|Any CPU
		{7FF711BC-62AF-4439-86A3-8212D8EFD920}.Release|Any CPU.Build.0 = Release|Any CPU
		{F7EE0164-512F-4E50-B589-CF0558D3005F}.Debug|Any CPU.ActiveCfg = Debug|Any CPU
		{F7EE0164-512F-4E50-B589-CF0558D3005F}.Debug|Any CPU.Build.0 = Debug|Any CPU
		{F7EE0164-512F-4E50-B589-CF0558D3005F}.Release|Any CPU.ActiveCfg = Release|Any CPU
		{F7EE0164-512F-4E50-B589-CF0558D3005F}.Release|Any CPU.Build.0 = Release|Any CPU
	EndGlobalSection
	GlobalSection(SolutionProperties) = preSolution
		HideSolutionNode = FALSE
	EndGlobalSection
	GlobalSection(NestedProjects) = preSolution
		{7FF711BC-62AF-4439-86A3-8212D8EFD920} = {1A616E7F-3BDD-40DF-8E16-50425BFB18A8}
		{F7EE0164-512F-4E50-B589-CF0558D3005F} = {1A616E7F-3BDD-40DF-8E16-50425BFB18A8}
	EndGlobalSection
	GlobalSection(ExtensibilityGlobals) = postSolution
		SolutionGuid = {432056E1-A2D0-4435-9B37-59C81462BE53}
	EndGlobalSection
EndGlobal
